
Microsoft Visual Studio Solution File, Format Version 12.00
# Visual Studio Version 17
VisualStudioVersion = 17.6.33723.286
MinimumVisualStudioVersion = 10.0.40219.1
Project("{FAE04EC0-301F-11D3-BF4B-00C04F79EFBC}") = "MonitoringTheProgressOfForeignStudents", "ДП_WebУчетИностранныхСтудентов\MonitoringTheProgressOfForeignStudents.csproj", "{954F0782-27C9-48BF-BB46-933D66725514}"
EndProject
Project("{FAE04EC0-301F-11D3-BF4B-00C04F79EFBC}") = "MonitoringTheProgressOfForeignStudents.Application", "MonitoringTheProgressOfForeignStudents.Application\MonitoringTheProgressOfForeignStudents.Application.csproj", "{18D60F7A-8EA6-4311-A636-290EFF7B2460}"
EndProject
Project("{FAE04EC0-301F-11D3-BF4B-00C04F79EFBC}") = "MonitoringTheProgressOfForeignStudents.Domain", "MonitoringTheProgressOfForeignStudents.Domain\MonitoringTheProgressOfForeignStudents.Domain.csproj", "{975B2483-925F-4D1E-8F0E-166B91C94F22}"
EndProject
Project("{FAE04EC0-301F-11D3-BF4B-00C04F79EFBC}") = "MonitoringTheProgressOfForeignStudents.Infrastructure", "MonitoringTheProgressOfForeignStudents.Infrastructure\MonitoringTheProgressOfForeignStudents.Infrastructure.csproj", "{54285CE6-36A4-409E-9779-2A6C22803447}"
EndProject
Global
	GlobalSection(SolutionConfigurationPlatforms) = preSolution
		Debug|Any CPU = Debug|Any CPU
		Release|Any CPU = Release|Any CPU
	EndGlobalSection
	GlobalSection(ProjectConfigurationPlatforms) = postSolution
		{954F0782-27C9-48BF-BB46-933D66725514}.Debug|Any CPU.ActiveCfg = Debug|Any CPU
		{954F0782-27C9-48BF-BB46-933D66725514}.Debug|Any CPU.Build.0 = Debug|Any CPU
		{954F0782-27C9-48BF-BB46-933D66725514}.Release|Any CPU.ActiveCfg = Release|Any CPU
		{954F0782-27C9-48BF-BB46-933D66725514}.Release|Any CPU.Build.0 = Release|Any CPU
		{18D60F7A-8EA6-4311-A636-290EFF7B2460}.Debug|Any CPU.ActiveCfg = Debug|Any CPU
		{18D60F7A-8EA6-4311-A636-290EFF7B2460}.Debug|Any CPU.Build.0 = Debug|Any CPU
		{18D60F7A-8EA6-4311-A636-290EFF7B2460}.Release|Any CPU.ActiveCfg = Release|Any CPU
		{18D60F7A-8EA6-4311-A636-290EFF7B2460}.Release|Any CPU.Build.0 = Release|Any CPU
		{975B2483-925F-4D1E-8F0E-166B91C94F22}.Debug|Any CPU.ActiveCfg = Debug|Any CPU
		{975B2483-925F-4D1E-8F0E-166B91C94F22}.Debug|Any CPU.Build.0 = Debug|Any CPU
		{975B2483-925F-4D1E-8F0E-166B91C94F22}.Release|Any CPU.ActiveCfg = Release|Any CPU
		{975B2483-925F-4D1E-8F0E-166B91C94F22}.Release|Any CPU.Build.0 = Release|Any CPU
		{54285CE6-36A4-409E-9779-2A6C22803447}.Debug|Any CPU.ActiveCfg = Debug|Any CPU
		{54285CE6-36A4-409E-9779-2A6C22803447}.Debug|Any CPU.Build.0 = Debug|Any CPU
		{54285CE6-36A4-409E-9779-2A6C22803447}.Release|Any CPU.ActiveCfg = Release|Any CPU
		{54285CE6-36A4-409E-9779-2A6C22803447}.Release|Any CPU.Build.0 = Release|Any CPU
	EndGlobalSection
	GlobalSection(SolutionProperties) = preSolution
		HideSolutionNode = FALSE
	EndGlobalSection
	GlobalSection(ExtensibilityGlobals) = postSolution
		SolutionGuid = {5D0CB158-6A43-4FA1-9E32-289C98D8555E}
	EndGlobalSection
EndGlobal
